{
  "requires": true,
  "lockfileVersion": 1,
  "dependencies": {
    "bootstrap": {
      "version": "4.5.0",
      "resolved": "https://registry.npmjs.org/bootstrap/-/bootstrap-4.5.0.tgz",
      "integrity": "sha512-Z93QoXvodoVslA+PWNdk23Hze4RBYIkpb5h8I2HY2Tu2h7A0LpAgLcyrhrSUyo2/Oxm2l1fRZPs1e5hnxnliXA=="
    },
    "react-compound-timer": {
      "version": "1.2.0",
      "resolved": "https://registry.npmjs.org/react-compound-timer/-/react-compound-timer-1.2.0.tgz",
      "integrity": "sha512-BEFT0Z/+vusfAy4Ci1+G5lr8mI+dk3ddRJuu1DIYA5xGS+5P+M0o4krHmFMKgHuaIY9H3xx0KCvf3ilb1+HFWA=="
    }
  }
}
